{
  "version": 1,
  "dependencies": {
    "net10.0": {
      "Amazon.Lambda.AspNetCoreServer.Hosting": {
        "type": "Direct",
        "requested": "[1.10.0, )",
        "resolved": "1.10.0",
        "contentHash": "IECXhGylZbFelTamqtZgIRfkHhkTF5jP9Kr9toRovIkyaR5SdZ9rc0D4SDTd7JMArL8G3ofEjurS0X+Cj8PoRQ==",
        "dependencies": {
          "Amazon.Lambda.APIGatewayEvents": "2.7.3",
          "Amazon.Lambda.AspNetCoreServer": "9.2.1",
          "Amazon.Lambda.Core": "2.8.1",
          "Amazon.Lambda.RuntimeSupport": "1.14.2"
        }
      },
      "Swashbuckle.AspNetCore": {
        "type": "Direct",
        "requested": "[10.1.4, )",
        "resolved": "10.1.4",
        "contentHash": "3y9YcUdzND3E21NiGvhxEVw2/rdQSbSLDOxrAMP96ZCaDVeB8b30L8QeWA9cfkxfyeXt+F2t1umKE0kaPxm4FA==",
        "dependencies": {
          "Microsoft.Extensions.ApiDescription.Server": "10.0.0",
          "Swashbuckle.AspNetCore.Swagger": "10.1.4",
          "Swashbuckle.AspNetCore.SwaggerGen": "10.1.4",
          "Swashbuckle.AspNetCore.SwaggerUI": "10.1.4"
        }
      },
      "Swashbuckle.AspNetCore.Annotations": {
        "type": "Direct",
        "requested": "[10.1.4, )",
        "resolved": "10.1.4",
        "contentHash": "eZlr41wrXinq8U2rzVHUKlng0DHjK2CZ4SURQy90jodagPFabwQClNzfHcNcdWBi7Rrh4/2x09/xKp77BECZbQ==",
        "dependencies": {
          "Swashbuckle.AspNetCore.SwaggerGen": "10.1.4"
        }
      },
      "Swashbuckle.AspNetCore.Filters": {
        "type": "Direct",
        "requested": "[10.0.1, )",
        "resolved": "10.0.1",
        "contentHash": "Bbmg6UelUTrCHmheejcuiGyYrJ+mO5GyV4pG7ZEhrX9P+gc0UppUQTVb+6HyEBsFsXDrBWvOXp/oqnTTz8wCEA==",
        "dependencies": {
          "Scrutor": "3.3.0",
          "Swashbuckle.AspNetCore.Filters.Abstractions": "10.0.1",
          "Swashbuckle.AspNetCore.SwaggerGen": "10.0.0"
        }
      },
      "Amazon.Lambda.APIGatewayEvents": {
        "type": "Transitive",
        "resolved": "2.7.3",
        "contentHash": "CXmiXdwuSXSJA0YH+7OJqG2uGDnhDcKkN2ei2u2/kdRFK+RH8JC5GbdechdJoldpogxHdHy12TuAfqqKSC67Nw=="
      },
      "Amazon.Lambda.ApplicationLoadBalancerEvents": {
        "type": "Transitive",
        "resolved": "2.2.0",
        "contentHash": "UtCd9tFuVyED8+DmDKEkdXJbAb/TdHIz51R/CsJCexKerO6HGOG87FGId4Ce9IXE+qjlBGyNQsKCw9oLLNe0hw=="
      },
      "Amazon.Lambda.AspNetCoreServer": {
        "type": "Transitive",
        "resolved": "9.2.1",
        "contentHash": "2K1x1AIMA7iK2G+oDi+rwHW9gYkaRe9+m1oZGHGduNCug/8Nq4ibiV8CMMO/jJ3NOaZa/l4tkA6xiWKV3aSjlw==",
        "dependencies": {
          "Amazon.Lambda.APIGatewayEvents": "2.7.3",
          "Amazon.Lambda.ApplicationLoadBalancerEvents": "2.2.0",
          "Amazon.Lambda.Core": "2.8.0",
          "Amazon.Lambda.Logging.AspNetCore": "4.1.1",
          "Amazon.Lambda.Serialization.SystemTextJson": "2.4.4"
        }
      },
      "Amazon.Lambda.Core": {
        "type": "Transitive",
        "resolved": "2.8.1",
        "contentHash": "wLrBdUXY1jn12o3+sar5c5ApMJPGEMye+1rnyDjwCKA2rcPNMZbNsKLQ76bV+DGnx5CN8bArB26SKB/rEuxIxQ=="
      },
      "Amazon.Lambda.Logging.AspNetCore": {
        "type": "Transitive",
        "resolved": "4.1.1",
        "contentHash": "4wtlguk2jI0FFR0dHvJfmfW99mDZWXJ56MELPfk2nxtgRlpUyo0RW5GcO3Teyc0nefFmxCiKdE7Iz2xSwiOnfg==",
        "dependencies": {
          "Amazon.Lambda.Core": "2.7.0"
        }
      },
      "Amazon.Lambda.RuntimeSupport": {
        "type": "Transitive",
        "resolved": "1.14.2",
        "contentHash": "KR3iCwJbrHctB+po6F5cTNefS9bOKqqWl9G2Ai+PsqdHByDSv6aeVn8noEhKrnOCTqAlWQjBeStay/yM5JE7TA==",
        "dependencies": {
          "Amazon.Lambda.Core": "2.8.1",
          "SnapshotRestore.Registry": "1.0.1"
        }
      },
      "Amazon.Lambda.Serialization.SystemTextJson": {
        "type": "Transitive",
        "resolved": "2.4.4",
        "contentHash": "iv/cvqFuZ3v3+NFDyof0IJZvU+4kdpzOe3pWSBwp9HB885I+D32WQxuid9V4GnvRynER9XnWMPaDmImX8qH5cA==",
        "dependencies": {
          "Amazon.Lambda.Core": "2.3.0"
        }
      },
      "AWSSDK.Core": {
        "type": "Transitive",
        "resolved": "4.0.6.1",
        "contentHash": "rPhyuf5BtxAxI1x4a9DlMfknODiVzr9Kc5QWDjn/thmnmCLT6ggBh0zlpaXlP/MtdpN/mhEpTIODvzMIWrICVQ=="
      },
      "AWSSDK.DynamoDBv2": {
        "type": "Transitive",
        "resolved": "4.0.18.1",
        "contentHash": "iKjTofbqJlEbbtf15cpuFhAixn5Xab2T+Kji69gevncDeYBXA+6HP8hNtVs2ZrRMujyeiOXcuURDzRnvaQLtxQ==",
        "dependencies": {
          "AWSSDK.Core": "[4.0.6.1, 5.0.0)"
        }
      },
      "AWSSDK.SecretsManager": {
        "type": "Transitive",
        "resolved": "4.0.4.7",
        "contentHash": "kLcNZ5sovqlhF1ffQNCISpEC0j+W74A468xZQoAP426qWc0c7L0eX1Q/4sp8im/QfZaKVehdo+kRe8LkyzPwCQ==",
        "dependencies": {
          "AWSSDK.Core": "[4.0.3.15, 5.0.0)"
        }
      },
      "Microsoft.AspNetCore.Authentication.JwtBearer": {
        "type": "Transitive",
        "resolved": "10.0.0",
        "contentHash": "0BgDfT1GoZnzjJOBwx5vFMK5JtqsTEas9pCEwd1/KKxNUAqFmreN60WeUoF+CsmSd9tOQuqWedvdBo/QqHuNTQ==",
        "dependencies": {
          "Microsoft.IdentityModel.Protocols.OpenIdConnect": "8.0.1"
        }
      },
      "Microsoft.Extensions.ApiDescription.Server": {
        "type": "Transitive",
        "resolved": "10.0.0",
        "contentHash": "NCWCGiwRwje8773yzPQhvucYnnfeR+ZoB1VRIrIMp4uaeUNw7jvEPHij3HIbwCDuNCrNcphA00KSAR9yD9qmbg=="
      },
      "Microsoft.Extensions.DependencyModel": {
        "type": "Transitive",
        "resolved": "3.1.6",
        "contentHash": "/UlDKULIVkLQYn1BaHcy/rc91ApDxJb7T75HcCbGdqwvxhnRQRKM2di1E70iCPMF9zsr6f4EgQTotBGxFIfXmw=="
      },
      "Microsoft.IdentityModel.Abstractions": {
        "type": "Transitive",
        "resolved": "8.16.0",
        "contentHash": "gSxKLWRZzBpIsEoeUPkxfywNCCvRvl7hkq146XHPk5vOQc9izSf1I+uL1vh4y2U19QPxd9Z8K/8AdWyxYz2lSg=="
      },
      "Microsoft.IdentityModel.JsonWebTokens": {
        "type": "Transitive",
        "resolved": "8.16.0",
        "contentHash": "prBU72cIP4V8E9fhN+o/YdskTsLeIcnKPbhZf0X6mD7fdxoZqnS/NdEkSr+9Zp+2q7OZBOMfNBKGbTbhXODO4w==",
        "dependencies": {
          "Microsoft.IdentityModel.Tokens": "8.16.0"
        }
      },
      "Microsoft.IdentityModel.Logging": {
        "type": "Transitive",
        "resolved": "8.16.0",
        "contentHash": "MTzXmETkNQPACR7/XCXM1OGM6oU9RkyibqeJRtO9Ndew2LnGjMf9Atqj2VSf4XC27X0FQycUAlzxxEgQMWn2xQ==",
        "dependencies": {
          "Microsoft.IdentityModel.Abstractions": "8.16.0"
        }
      },
      "Microsoft.IdentityModel.Protocols": {
        "type": "Transitive",
        "resolved": "8.0.1",
        "contentHash": "uA2vpKqU3I2mBBEaeJAWPTjT9v1TZrGWKdgK6G5qJd03CLx83kdiqO9cmiK8/n1erkHzFBwU/RphP83aAe3i3g==",
        "dependencies": {
          "Microsoft.IdentityModel.Tokens": "8.0.1"
        }
      },
      "Microsoft.IdentityModel.Protocols.OpenIdConnect": {
        "type": "Transitive",
        "resolved": "8.0.1",
        "contentHash": "AQDbfpL+yzuuGhO/mQhKNsp44pm5Jv8/BI4KiFXR7beVGZoSH35zMV3PrmcfvSTsyI6qrcR898NzUauD6SRigg==",
        "dependencies": {
          "Microsoft.IdentityModel.Protocols": "8.0.1",
          "System.IdentityModel.Tokens.Jwt": "8.0.1"
        }
      },
      "Microsoft.IdentityModel.Tokens": {
        "type": "Transitive",
        "resolved": "8.16.0",
        "contentHash": "rtViGJcGsN7WcfUNErwNeQgjuU5cJNl6FDQsfi9TncwO+Epzn0FTfBsg3YuFW1Q0Ch/KPxaVdjLw3/+5Z5ceFQ==",
        "dependencies": {
          "Microsoft.IdentityModel.Logging": "8.16.0"
        }
      },
      "Microsoft.OpenApi": {
        "type": "Transitive",
        "resolved": "2.4.1",
        "contentHash": "u7QhXCISMQuab3flasb1hoaiERmUqyWsW7tmQODyILoQ7mJV5IRGM+2KKZYo0QUfC13evEOcHAb6TPWgqEQtrw=="
      },
      "Scrutor": {
        "type": "Transitive",
        "resolved": "3.3.0",
        "contentHash": "BwqCnFzp2/Z+pq17iztxlIkR/ZANyPRR4PdE57WL1w/JW4AM/2imoxBWTL3+G+YXA46ce4s9OUgwWqTXYrtI8A==",
        "dependencies": {
          "Microsoft.Extensions.DependencyModel": "3.1.6"
        }
      },
      "SnapshotRestore.Registry": {
        "type": "Transitive",
        "resolved": "1.0.1",
        "contentHash": "UdA5y8wpa6dHiV4+J9MveLr6GRDB1llTmb4c+MeRYRoWKVNC5Y+nTDcC16/QAyw1dRry+aPS1yAy6f57mS+Xfw=="
      },
      "Swashbuckle.AspNetCore.Filters.Abstractions": {
        "type": "Transitive",
        "resolved": "10.0.1",
        "contentHash": "YTOZBnL/STbpkSGldDnvhtW0ci4h3deRXn7zfhN3dA+Xck/jdteIGxthiRfnEfNtTICPkBxRRzd9U6KKSPmNpA==",
        "dependencies": {
          "Swashbuckle.AspNetCore.SwaggerGen": "10.0.0"
        }
      },
      "Swashbuckle.AspNetCore.Swagger": {
        "type": "Transitive",
        "resolved": "10.1.4",
        "contentHash": "4ac45rVXsgustOXx6abChvIXtWjc1gUgwEpExz8pkQTTXjVTuRtfyMCN0srgxwpIAw/UoH/LYcbgqrjRcYwhfg==",
        "dependencies": {
          "Microsoft.OpenApi": "2.4.1"
        }
      },
      "Swashbuckle.AspNetCore.SwaggerGen": {
        "type": "Transitive",
        "resolved": "10.1.4",
        "contentHash": "gbh8gJ97lMw0ScCdbEhAzwlHSWKiTzYtHfS6/e7u4e4c0ms6mOccLFgRsWF0ekgpDh+AlA0yWc5X5ec+6cxCXQ==",
        "dependencies": {
          "Swashbuckle.AspNetCore.Swagger": "10.1.4"
        }
      },
      "Swashbuckle.AspNetCore.SwaggerUI": {
        "type": "Transitive",
        "resolved": "10.1.4",
        "contentHash": "A1ewmv/Xq5YkjQoSW29Kc9IoIC6pu210F1Fmzmj1EO7QJLTs6w3tOJatST6s41+Y8eUr5A1JLiXZ14U5EgN6ow=="
      },
      "System.IdentityModel.Tokens.Jwt": {
        "type": "Transitive",
        "resolved": "8.16.0",
        "contentHash": "rrs2u7DRMXQG2yh0oVyF/vLwosfRv20Ld2iEpYcKwQWXHjfV+gFXNQsQ9p008kR9Ou4pxBs68Q6/9zC8Gi1wjg==",
        "dependencies": {
          "Microsoft.IdentityModel.JsonWebTokens": "8.16.0",
          "Microsoft.IdentityModel.Tokens": "8.16.0"
        }
      },
      "mechanics.auth.application": {
        "type": "Project",
        "dependencies": {
          "Mechanics.Auth.Infra.Data": "[1.0.0, )",
          "Mechanics.Auth.Infra.SecretProvider": "[1.0.0, )",
          "Microsoft.AspNetCore.Authentication.JwtBearer": "[10.0.0, )",
          "Microsoft.IdentityModel.Tokens": "[8.16.0, )",
          "System.IdentityModel.Tokens.Jwt": "[8.16.0, )"
        }
      },
      "mechanics.auth.infra.crosscutting.ioc": {
        "type": "Project",
        "dependencies": {
          "Mechanics.Auth.Application": "[1.0.0, )",
          "Mechanics.Auth.Infra.Data": "[1.0.0, )",
          "Mechanics.Auth.Infra.SecretProvider": "[1.0.0, )"
        }
      },
      "mechanics.auth.infra.data": {
        "type": "Project",
        "dependencies": {
          "AWSSDK.DynamoDBv2": "[4.0.18.1, )",
          "Mechanics.Auth.Infra.SecretProvider": "[1.0.0, )"
        }
      },
      "mechanics.auth.infra.secretprovider": {
        "type": "Project",
        "dependencies": {
          "AWSSDK.SecretsManager": "[4.0.4.7, )"
        }
      }
    },
    "net10.0/linux-x64": {},
    "net10.0/win-x64": {}
  }
}